
Microsoft Visual Studio Solution File, Format Version 12.00
# Visual Studio Version 17
VisualStudioVersion = 17.0.31903.59
MinimumVisualStudioVersion = 10.0.40219.1
Project("{2150E333-8FDC-42A3-9474-1A3956D46DE8}") = "src", "src", "{7D98BBB7-BD48-42FC-B5F6-DFD6F8030859}"
EndProject
Project("{2150E333-8FDC-42A3-9474-1A3956D46DE8}") = "test", "test", "{93BAF4D5-CDAE-45CA-8601-F7057EE13D60}"
EndProject
Project("{2150E333-8FDC-42A3-9474-1A3956D46DE8}") = "API", "API", "{EB281C42-DCD6-49DE-9126-242DF84A5D4C}"
EndProject
Project("{2150E333-8FDC-42A3-9474-1A3956D46DE8}") = "Core", "Core", "{9AAC6C26-C095-4E69-B279-1D56CF8ADFC2}"
EndProject
Project("{2150E333-8FDC-42A3-9474-1A3956D46DE8}") = "Infrastructure", "Infrastructure", "{5A2B2648-0D39-4F99-AF09-214559E30A74}"
EndProject
Project("{2150E333-8FDC-42A3-9474-1A3956D46DE8}") = "UI", "UI", "{C9F24C92-4001-4251-8861-11076F6D8065}"
EndProject
Global
	GlobalSection(SolutionConfigurationPlatforms) = preSolution
		Debug|Any CPU = Debug|Any CPU
		Release|Any CPU = Release|Any CPU
	EndGlobalSection
	GlobalSection(SolutionProperties) = preSolution
		HideSolutionNode = FALSE
	EndGlobalSection
	GlobalSection(NestedProjects) = preSolution
		{EB281C42-DCD6-49DE-9126-242DF84A5D4C} = {7D98BBB7-BD48-42FC-B5F6-DFD6F8030859}
		{9AAC6C26-C095-4E69-B279-1D56CF8ADFC2} = {7D98BBB7-BD48-42FC-B5F6-DFD6F8030859}
		{5A2B2648-0D39-4F99-AF09-214559E30A74} = {7D98BBB7-BD48-42FC-B5F6-DFD6F8030859}
		{C9F24C92-4001-4251-8861-11076F6D8065} = {7D98BBB7-BD48-42FC-B5F6-DFD6F8030859}
	EndGlobalSection
	GlobalSection(ExtensibilityGlobals) = postSolution
		SolutionGuid = {9D6F977E-9C30-4497-8A2F-3D6B72C75B4D}
	EndGlobalSection
EndGlobal
